# This file is automatically @generated by Cargo.
# It is not intended for manual editing.
version = 3

[[package]]
name = "arrayvec"
version = "0.5.2"
source = "registry+https://github.com/rust-lang/crates.io-index"
checksum = "23b62fc65de8e4e7f52534fb52b0f3ed04746ae267519eef2a83941e8085068b"

[[package]]
name = "autocfg"
version = "1.1.0"
source = "registry+https://github.com/rust-lang/crates.io-index"
checksum = "d468802bab17cbc0cc575e9b053f41e72aa36bfa6b7f55e3529ffa43161b97fa"

[[package]]
name = "cfg-if"
version = "0.1.10"
source = "registry+https://github.com/rust-lang/crates.io-index"
checksum = "4785bdd1c96b2a846b2bd7cc02e86b6b3dbf14e7e53446c4f54c92a361040822"

[[package]]
name = "futures"
version = "0.3.25"
source = "registry+https://github.com/rust-lang/crates.io-index"
checksum = "38390104763dc37a5145a53c29c63c1290b5d316d6086ec32c293f6736051bb0"
dependencies = [
 "futures-channel",
 "futures-core",
 "futures-executor",
 "futures-io",
 "futures-sink",
 "futures-task",
 "futures-util",
]

[[package]]
name = "futures-channel"
version = "0.3.25"
source = "registry+https://github.com/rust-lang/crates.io-index"
checksum = "52ba265a92256105f45b719605a571ffe2d1f0fea3807304b522c1d778f79eed"
dependencies = [
 "futures-core",
 "futures-sink",
]

[[package]]
name = "futures-core"
version = "0.3.25"
source = "registry+https://github.com/rust-lang/crates.io-index"
checksum = "04909a7a7e4633ae6c4a9ab280aeb86da1236243a77b694a49eacd659a4bd3ac"

[[package]]
name = "futures-executor"
version = "0.3.25"
source = "registry+https://github.com/rust-lang/crates.io-index"
checksum = "7acc85df6714c176ab5edf386123fafe217be88c0840ec11f199441134a074e2"
dependencies = [
 "futures-core",
 "futures-task",
 "futures-util",
]

[[package]]
name = "futures-io"
version = "0.3.25"
source = "registry+https://github.com/rust-lang/crates.io-index"
checksum = "00f5fb52a06bdcadeb54e8d3671f8888a39697dcb0b81b23b55174030427f4eb"

[[package]]
name = "futures-macro"
version = "0.3.25"
source = "registry+https://github.com/rust-lang/crates.io-index"
checksum = "bdfb8ce053d86b91919aad980c220b1fb8401a9394410e1c289ed7e66b61835d"
dependencies = [
 "proc-macro2",
 "quote",
 "syn",
]

[[package]]
name = "futures-sink"
version = "0.3.25"
source = "registry+https://github.com/rust-lang/crates.io-index"
checksum = "39c15cf1a4aa79df40f1bb462fb39676d0ad9e366c2a33b590d7c66f4f81fcf9"

[[package]]
name = "futures-task"
version = "0.3.25"
source = "registry+https://github.com/rust-lang/crates.io-index"
checksum = "2ffb393ac5d9a6eaa9d3fdf37ae2776656b706e200c8e16b1bdb227f5198e6ea"

[[package]]
name = "futures-util"
version = "0.3.25"
source = "registry+https://github.com/rust-lang/crates.io-index"
checksum = "197676987abd2f9cadff84926f410af1c183608d36641465df73ae8211dc65d6"
dependencies = [
 "futures-channel",
 "futures-core",
 "futures-io",
 "futures-macro",
 "futures-sink",
 "futures-task",
 "memchr",
 "pin-project-lite",
 "pin-utils",
 "slab",
]

[[package]]
name = "gcode"
version = "0.6.1"
source = "registry+https://github.com/rust-lang/crates.io-index"
checksum = "5125264a3fbfa54f30f79428f4e69d74ad279f554ba90829189517f407f41dbc"
dependencies = [
 "arrayvec",
 "cfg-if",
 "libm",
]

[[package]]
name = "glam"
version = "0.21.3"
source = "registry+https://github.com/rust-lang/crates.io-index"
checksum = "518faa5064866338b013ff9b2350dc318e14cc4fcd6cb8206d7e7c9886c98815"

[[package]]
name = "gpio"
version = "0.4.1"
source = "registry+https://github.com/rust-lang/crates.io-index"
checksum = "4fe6783270536547ac473c9d2ae5a7e0e715ea43f29004ced47fbd1c1372d2c7"

[[package]]
name = "itoa"
version = "1.0.3"
source = "registry+https://github.com/rust-lang/crates.io-index"
checksum = "6c8af84674fe1f223a982c933a0ee1086ac4d4052aa0fb8060c12c6ad838e754"

[[package]]
name = "libm"
version = "0.2.5"
source = "registry+https://github.com/rust-lang/crates.io-index"
checksum = "292a948cd991e376cf75541fe5b97a1081d713c618b4f1b9500f8844e49eb565"

[[package]]
name = "memchr"
version = "2.5.0"
source = "registry+https://github.com/rust-lang/crates.io-index"
checksum = "2dffe52ecf27772e601905b7522cb4ef790d2cc203488bbd0e2fe85fcb74566d"

[[package]]
name = "pin-project-lite"
version = "0.2.9"
source = "registry+https://github.com/rust-lang/crates.io-index"
checksum = "e0a7ae3ac2f1173085d398531c705756c94a4c56843785df85a60c1a0afac116"

[[package]]
name = "pin-utils"
version = "0.1.0"
source = "registry+https://github.com/rust-lang/crates.io-index"
checksum = "8b870d8c151b6f2fb93e84a13146138f05d02ed11c7e7c54f8826aaaf7c9f184"

[[package]]
name = "proc-macro2"
version = "1.0.43"
source = "registry+https://github.com/rust-lang/crates.io-index"
checksum = "0a2ca2c61bc9f3d74d2886294ab7b9853abd9c1ad903a3ac7815c58989bb7bab"
dependencies = [
 "unicode-ident",
]

[[package]]
name = "quote"
version = "1.0.21"
source = "registry+https://github.com/rust-lang/crates.io-index"
checksum = "bbe448f377a7d6961e30f5955f9b8d106c3f5e449d493ee1b125c1d43c2b5179"
dependencies = [
 "proc-macro2",
]

[[package]]
name = "ryu"
version = "1.0.11"
source = "registry+https://github.com/rust-lang/crates.io-index"
checksum = "4501abdff3ae82a1c1b477a17252eb69cee9e66eb915c1abaa4f44d873df9f09"

[[package]]
name = "serde"
version = "1.0.144"
source = "registry+https://github.com/rust-lang/crates.io-index"
checksum = "0f747710de3dcd43b88c9168773254e809d8ddbdf9653b84e2554ab219f17860"
dependencies = [
 "serde_derive",
]

[[package]]
name = "serde_derive"
version = "1.0.144"
source = "registry+https://github.com/rust-lang/crates.io-index"
checksum = "94ed3a816fb1d101812f83e789f888322c34e291f894f19590dc310963e87a00"
dependencies = [
 "proc-macro2",
 "quote",
 "syn",
]

[[package]]
name = "serde_json"
version = "1.0.85"
source = "registry+https://github.com/rust-lang/crates.io-index"
checksum = "e55a28e3aaef9d5ce0506d0a14dbba8054ddc7e499ef522dd8b26859ec9d4a44"
dependencies = [
 "itoa",
 "ryu",
 "serde",
]

[[package]]
name = "slab"
version = "0.4.7"
source = "registry+https://github.com/rust-lang/crates.io-index"
checksum = "4614a76b2a8be0058caa9dbbaf66d988527d86d003c11a94fbd335d7661edcef"
dependencies = [
 "autocfg",
]

[[package]]
name = "stepper_lib"
version = "0.7.1"
dependencies = [
 "gcode",
 "glam",
 "gpio",
]

[[package]]
name = "syarm_lib"
version = "0.4.1"
dependencies = [
 "futures",
 "gcode",
 "glam",
 "serde",
 "serde_json",
 "stepper_lib",
]

[[package]]
name = "syn"
version = "1.0.100"
source = "registry+https://github.com/rust-lang/crates.io-index"
checksum = "52205623b1b0f064a4e71182c3b18ae902267282930c6d5462c91b859668426e"
dependencies = [
 "proc-macro2",
 "quote",
 "unicode-ident",
]

[[package]]
name = "unicode-ident"
version = "1.0.4"
source = "registry+https://github.com/rust-lang/crates.io-index"
checksum = "dcc811dc4066ac62f84f11307873c4850cb653bfa9b1719cee2bd2204a4bc5dd"
